
Microsoft Visual Studio Solution File, Format Version 12.00
# Visual Studio Version 17
VisualStudioVersion = 17.5.002.0
MinimumVisualStudioVersion = 10.0.40219.1
Project("{9A19103F-16F7-4668-BE54-9A1E7A4F7556}") = "EStoreWebApp", "EStoreWebApp.csproj", "{665F2C96-7CC9-4039-945E-BC236F068316}"
EndProject
Global
	GlobalSection(SolutionConfigurationPlatforms) = preSolution
		Debug|Any CPU = Debug|Any CPU
		Release|Any CPU = Release|Any CPU
	EndGlobalSection
	GlobalSection(ProjectConfigurationPlatforms) = postSolution
		{665F2C96-7CC9-4039-945E-BC236F068316}.Debug|Any CPU.ActiveCfg = Debug|Any CPU
		{665F2C96-7CC9-4039-945E-BC236F068316}.Debug|Any CPU.Build.0 = Debug|Any CPU
		{665F2C96-7CC9-4039-945E-BC236F068316}.Release|Any CPU.ActiveCfg = Release|Any CPU
		{665F2C96-7CC9-4039-945E-BC236F068316}.Release|Any CPU.Build.0 = Release|Any CPU
	EndGlobalSection
	GlobalSection(SolutionProperties) = preSolution
		HideSolutionNode = FALSE
	EndGlobalSection
	GlobalSection(ExtensibilityGlobals) = postSolution
		SolutionGuid = {C167FA98-1350-4564-BA85-82463A629B53}
	EndGlobalSection
EndGlobal
